
Microsoft Visual Studio Solution File, Format Version 12.00
# Visual Studio Version 17
VisualStudioVersion = 17.14.36518.9
MinimumVisualStudioVersion = 10.0.40219.1
Project("{54A90642-561A-4BB1-A94E-469ADEE60C69}") = "studentrun.client", "studentrun.client\studentrun.client.esproj", "{607323E3-D273-9E33-653E-375FF290DEB2}"
EndProject
Project("{FAE04EC0-301F-11D3-BF4B-00C04F79EFBC}") = "StudentRun.Server", "StudentRun.Server\StudentRun.Server.csproj", "{AE8095FC-EDFB-4E9A-AD1F-CF05ABBB9FED}"
EndProject
Global
	GlobalSection(SolutionConfigurationPlatforms) = preSolution
		Debug|Any CPU = Debug|Any CPU
		Release|Any CPU = Release|Any CPU
	EndGlobalSection
	GlobalSection(ProjectConfigurationPlatforms) = postSolution
		{607323E3-D273-9E33-653E-375FF290DEB2}.Debug|Any CPU.ActiveCfg = Debug|Any CPU
		{607323E3-D273-9E33-653E-375FF290DEB2}.Debug|Any CPU.Build.0 = Debug|Any CPU
		{607323E3-D273-9E33-653E-375FF290DEB2}.Debug|Any CPU.Deploy.0 = Debug|Any CPU
		{607323E3-D273-9E33-653E-375FF290DEB2}.Release|Any CPU.ActiveCfg = Release|Any CPU
		{607323E3-D273-9E33-653E-375FF290DEB2}.Release|Any CPU.Build.0 = Release|Any CPU
		{607323E3-D273-9E33-653E-375FF290DEB2}.Release|Any CPU.Deploy.0 = Release|Any CPU
		{AE8095FC-EDFB-4E9A-AD1F-CF05ABBB9FED}.Debug|Any CPU.ActiveCfg = Debug|Any CPU
		{AE8095FC-EDFB-4E9A-AD1F-CF05ABBB9FED}.Debug|Any CPU.Build.0 = Debug|Any CPU
		{AE8095FC-EDFB-4E9A-AD1F-CF05ABBB9FED}.Release|Any CPU.ActiveCfg = Release|Any CPU
		{AE8095FC-EDFB-4E9A-AD1F-CF05ABBB9FED}.Release|Any CPU.Build.0 = Release|Any CPU
	EndGlobalSection
	GlobalSection(SolutionProperties) = preSolution
		HideSolutionNode = FALSE
	EndGlobalSection
	GlobalSection(ExtensibilityGlobals) = postSolution
		SolutionGuid = {A4001A42-77DF-45CE-A5A4-C39357301D6B}
	EndGlobalSection
EndGlobal
